
Microsoft Visual Studio Solution File, Format Version 12.00
# Visual Studio Version 17
VisualStudioVersion = 17.10.34928.147
MinimumVisualStudioVersion = 10.0.40219.1
Project("{9A19103F-16F7-4668-BE54-9A1E7A4F7556}") = "ProjectShaderSymbols", "ProjectShaderSymbols.csproj", "{38DC7CDB-2F12-4CBF-A725-51E87AF1D3C0}"
EndProject
Global
	GlobalSection(SolutionConfigurationPlatforms) = preSolution
		Debug|Any CPU = Debug|Any CPU
		Release|Any CPU = Release|Any CPU
	EndGlobalSection
	GlobalSection(ProjectConfigurationPlatforms) = postSolution
		{38DC7CDB-2F12-4CBF-A725-51E87AF1D3C0}.Debug|Any CPU.ActiveCfg = Debug|Any CPU
		{38DC7CDB-2F12-4CBF-A725-51E87AF1D3C0}.Debug|Any CPU.Build.0 = Debug|Any CPU
		{38DC7CDB-2F12-4CBF-A725-51E87AF1D3C0}.Release|Any CPU.ActiveCfg = Release|Any CPU
		{38DC7CDB-2F12-4CBF-A725-51E87AF1D3C0}.Release|Any CPU.Build.0 = Release|Any CPU
	EndGlobalSection
	GlobalSection(SolutionProperties) = preSolution
		HideSolutionNode = FALSE
	EndGlobalSection
	GlobalSection(ExtensibilityGlobals) = postSolution
		SolutionGuid = {C97CB0DF-970C-4355-91E7-1B8A027EF8EE}
	EndGlobalSection
EndGlobal
